// !$*UTF8*$!
{
	archiveVersion = 1;
	classes = {
	};
	objectVersion = 46;
	objects = {

/* Begin PBXBuildFile section */
		6BE8CCDC194728EE00366D94 /* AppDelegate.swift in Sources */ = {isa = PBXBuildFile; fileRef = 6BE8CCDB194728EE00366D94 /* AppDelegate.swift */; };
		6BE8CCDE194728EE00366D94 /* ViewController.swift in Sources */ = {isa = PBXBuildFile; fileRef = 6BE8CCDD194728EE00366D94 /* ViewController.swift */; };
		6BE8CCE1194728EE00366D94 /* Main.storyboard in Resources */ = {isa = PBXBuildFile; fileRef = 6BE8CCDF194728EE00366D94 /* Main.storyboard */; };
		6BE8CCE3194728EE00366D94 /* Images.xcassets in Resources */ = {isa = PBXBuildFile; fileRef = 6BE8CCE2194728EE00366D94 /* Images.xcassets */; };
		6BE8CCEF194728EE00366D94 /* iTunesStoreTests.swift in Sources */ = {isa = PBXBuildFile; fileRef = 6BE8CCEE194728EE00366D94 /* iTunesStoreTests.swift */; };
/* End PBXBuildFile section */

/* Begin PBXContainerItemProxy section */
		6BE8CCE9194728EE00366D94 /* PBXContainerItemProxy */ = {
			isa = PBXContainerItemProxy;
			containerPortal = 6BE8CCCE194728EE00366D94 /* Project object */;
			proxyType = 1;
			remoteGlobalIDString = 6BE8CCD5194728EE00366D94;
			remoteInfo = iTunesStore;
		};
/* End PBXContainerItemProxy section */

/* Begin PBXFileReference section */
		6BE8CCD6194728EE00366D94 /* iTunesStore.app */ = {isa = PBXFileReference; explicitFileType = wrapper.application; includeInIndex = 0; path = iTunesStore.app; sourceTree = BUILT_PRODUCTS_DIR; };
		6BE8CCDA194728EE00366D94 /* Info.plist */ = {isa = PBXFileReference; lastKnownFileType = text.plist.xml; path = Info.plist; sourceTree = "<group>"; };
		6BE8CCDB194728EE00366D94 /* AppDelegate.swift */ = {isa = PBXFileReference; lastKnownFileType = sourcecode.swift; path = AppDelegate.swift; sourceTree = "<group>"; };
		6BE8CCDD194728EE00366D94 /* ViewController.swift */ = {isa = PBXFileReference; lastKnownFileType = sourcecode.swift; path = ViewController.swift; sourceTree = "<group>"; };
		6BE8CCE0194728EE00366D94 /* Base */ = {isa = PBXFileReference; lastKnownFileType = file.storyboard; name = Base; path = Base.lproj/Main.storyboard; sourceTree = "<group>"; };
		6BE8CCE2194728EE00366D94 /* Images.xcassets */ = {isa = PBXFileReference; lastKnownFileType = folder.assetcatalog; path = Images.xcassets; sourceTree = "<group>"; };
		6BE8CCE8194728EE00366D94 /* iTunesStoreTests.xctest */ = {isa = PBXFileReference; explicitFileType = wrapper.cfbundle; includeInIndex = 0; path = iTunesStoreTests.xctest; sourceTree = BUILT_PRODUCTS_DIR; };
		6BE8CCED194728EE00366D94 /* Info.plist */ = {isa = PBXFileReference; lastKnownFileType = text.plist.xml; path = Info.plist; sourceTree = "<group>"; };
		6BE8CCEE194728EE00366D94 /* iTunesStoreTests.swift */ = {isa = PBXFileReference; lastKnownFileType = sourcecode.swift; path = iTunesStoreTests.swift; sourceTree = "<group>"; };
/* End PBXFileReference section */

/* Begin PBXFrameworksBuildPhase section */
		6BE8CCD3194728EE00366D94 /* Frameworks */ = {
			isa = PBXFrameworksBuildPhase;
			buildActionMask = 2147483647;
			files = (
			);
			runOnlyForDeploymentPostprocessing = 0;
		};
		6BE8CCE5194728EE00366D94 /* Frameworks */ = {
			isa = PBXFrameworksBuildPhase;
			buildActionMask = 2147483647;
			files = (
			);
			runOnlyForDeploymentPostprocessing = 0;
		};
/* End PBXFrameworksBuildPhase section */

/* Begin PBXGroup section */
		6BE8CCCD194728EE00366D94 = {
			isa = PBXGroup;
			children = (
				6BE8CCD8194728EE00366D94 /* iTunesStore */,
				6BE8CCEB194728EE00366D94 /* iTunesStoreTests */,
				6BE8CCD7194728EE00366D94 /* Products */,
			);
			sourceTree = "<group>";
		};
		6BE8CCD7194728EE00366D94 /* Products */ = {
			isa = PBXGroup;
			children = (
				6BE8CCD6194728EE00366D94 /* iTunesStore.app */,
				6BE8CCE8194728EE00366D94 /* iTunesStoreTests.xctest */,
			);
			name = Products;
			sourceTree = "<group>";
		};
		6BE8CCD8194728EE00366D94 /* iTunesStore */ = {
			isa = PBXGroup;
			children = (
				6BE8CCDB194728EE00366D94 /* AppDelegate.swift */,
				6BE8CCDD194728EE00366D94 /* ViewController.swift */,
				6BE8CCDF194728EE00366D94 /* Main.storyboard */,
				6BE8CCE2194728EE00366D94 /* Images.xcassets */,
				6BE8CCD9194728EE00366D94 /* Supporting Files */,
			);
			path = iTunesStore;
			sourceTree = "<group>";
		};
		6BE8CCD9194728EE00366D94 /* Supporting Files */ = {
			isa = PBXGroup;
			children = (
				6BE8CCDA194728EE00366D94 /* Info.plist */,
			);
			name = "Supporting Files";
			sourceTree = "<group>";
		};
		6BE8CCEB194728EE00366D94 /* iTunesStoreTests */ = {
			isa = PBXGroup;
			children = (
				6BE8CCEE194728EE00366D94 /* iTunesStoreTests.swift */,
				6BE8CCEC194728EE00366D94 /* Supporting Files */,
			);
			path = iTunesStoreTests;
			sourceTree = "<group>";
		};
		6BE8CCEC194728EE00366D94 /* Supporting Files */ = {
			isa = PBXGroup;
			children = (
				6BE8CCED194728EE00366D94 /* Info.plist */,
			);
			name = "Supporting Files";
			sourceTree = "<group>";
		};
/* End PBXGroup section */

/* Begin PBXNativeTarget section */
		6BE8CCD5194728EE00366D94 /* iTunesStore */ = {
			isa = PBXNativeTarget;
			buildConfigurationList = 6BE8CCF2194728EE00366D94 /* Build configuration list for PBXNativeTarget "iTunesStore" */;
			buildPhases = (
				6BE8CCD2194728EE00366D94 /* Sources */,
				6BE8CCD3194728EE00366D94 /* Frameworks */,
				6BE8CCD4194728EE00366D94 /* Resources */,
			);
			buildRules = (
			);
			dependencies = (
			);
			name = iTunesStore;
			productName = iTunesStore;
			productReference = 6BE8CCD6194728EE00366D94 /* iTunesStore.app */;
			productType = "com.apple.product-type.application";
		};
		6BE8CCE7194728EE00366D94 /* iTunesStoreTests */ = {
			isa = PBXNativeTarget;
			buildConfigurationList = 6BE8CCF5194728EE00366D94 /* Build configuration list for PBXNativeTarget "iTunesStoreTests" */;
			buildPhases = (
				6BE8CCE4194728EE00366D94 /* Sources */,
				6BE8CCE5194728EE00366D94 /* Frameworks */,
				6BE8CCE6194728EE00366D94 /* Resources */,
			);
			buildRules = (
			);
			dependencies = (
				6BE8CCEA194728EE00366D94 /* PBXTargetDependency */,
			);
			name = iTunesStoreTests;
			productName = iTunesStoreTests;
			productReference = 6BE8CCE8194728EE00366D94 /* iTunesStoreTests.xctest */;
			productType = "com.apple.product-type.bundle.unit-test";
		};
/* End PBXNativeTarget section */

/* Begin PBXProject section */
		6BE8CCCE194728EE00366D94 /* Project object */ = {
			isa = PBXProject;
			attributes = {
				LastUpgradeCheck = 0600;
				ORGANIZATIONNAME = "David Pedrosa Bataller";
				TargetAttributes = {
					6BE8CCD5194728EE00366D94 = {
						CreatedOnToolsVersion = 6.0;
					};
					6BE8CCE7194728EE00366D94 = {
						CreatedOnToolsVersion = 6.0;
						TestTargetID = 6BE8CCD5194728EE00366D94;
					};
				};
			};
			buildConfigurationList = 6BE8CCD1194728EE00366D94 /* Build configuration list for PBXProject "iTunesStore" */;
			compatibilityVersion = "Xcode 3.2";
			developmentRegion = English;
			hasScannedForEncodings = 0;
			knownRegions = (
				en,
				Base,
			);
			mainGroup = 6BE8CCCD194728EE00366D94;
			productRefGroup = 6BE8CCD7194728EE00366D94 /* Products */;
			projectDirPath = "";
			projectRoot = "";
			targets = (
				6BE8CCD5194728EE00366D94 /* iTunesStore */,
				6BE8CCE7194728EE00366D94 /* iTunesStoreTests */,
			);
		};
/* End PBXProject section */

/* Begin PBXResourcesBuildPhase section */
		6BE8CCD4194728EE00366D94 /* Resources */ = {
			isa = PBXResourcesBuildPhase;
			buildActionMask = 2147483647;
			files = (
				6BE8CCE1194728EE00366D94 /* Main.storyboard in Resources */,
				6BE8CCE3194728EE00366D94 /* Images.xcassets in Resources */,
			);
			runOnlyForDeploymentPostprocessing = 0;
		};
		6BE8CCE6194728EE00366D94 /* Resources */ = {
			isa = PBXResourcesBuildPhase;
			buildActionMask = 2147483647;
			files = (
			);
			runOnlyForDeploymentPostprocessing = 0;
		};
/* End PBXResourcesBuildPhase section */

/* Begin PBXSourcesBuildPhase section */
		6BE8CCD2194728EE00366D94 /* Sources */ = {
			isa = PBXSourcesBuildPhase;
			buildActionMask = 2147483647;
			files = (
				6BE8CCDE194728EE00366D94 /* ViewController.swift in Sources */,
				6BE8CCDC194728EE00366D94 /* AppDelegate.swift in Sources */,
			);
			runOnlyForDeploymentPostprocessing = 0;
		};
		6BE8CCE4194728EE00366D94 /* Sources */ = {
			isa = PBXSourcesBuildPhase;
			buildActionMask = 2147483647;
			files = (
				6BE8CCEF194728EE00366D94 /* iTunesStoreTests.swift in Sources */,
			);
			runOnlyForDeploymentPostprocessing = 0;
		};
/* End PBXSourcesBuildPhase section */

/* Begin PBXTargetDependency section */
		6BE8CCEA194728EE00366D94 /* PBXTargetDependency */ = {
			isa = PBXTargetDependency;
			target = 6BE8CCD5194728EE00366D94 /* iTunesStore */;
			targetProxy = 6BE8CCE9194728EE00366D94 /* PBXContainerItemProxy */;
		};
/* End PBXTargetDependency section */

/* Begin PBXVariantGroup section */
		6BE8CCDF194728EE00366D94 /* Main.storyboard */ = {
			isa = PBXVariantGroup;
			children = (
				6BE8CCE0194728EE00366D94 /* Base */,
			);
			name = Main.storyboard;
			sourceTree = "<group>";
		};
/* End PBXVariantGroup section */

/* Begin XCBuildConfiguration section */
		6BE8CCF0194728EE00366D94 /* Debug */ = {
			isa = XCBuildConfiguration;
			buildSettings = {
				ALWAYS_SEARCH_USER_PATHS = NO;
				CLANG_CXX_LANGUAGE_STANDARD = "gnu++0x";
				CLANG_CXX_LIBRARY = "libc++";
				CLANG_ENABLE_MODULES = YES;
				CLANG_ENABLE_OBJC_ARC = YES;
				CLANG_WARN_BOOL_CONVERSION = YES;
				CLANG_WARN_CONSTANT_CONVERSION = YES;
				CLANG_WARN_DIRECT_OBJC_ISA_USAGE = YES_ERROR;
				CLANG_WARN_EMPTY_BODY = YES;
				CLANG_WARN_ENUM_CONVERSION = YES;
				CLANG_WARN_INT_CONVERSION = YES;
				CLANG_WARN_OBJC_ROOT_CLASS = YES_ERROR;
				CLANG_WARN_UNREACHABLE_CODE = YES;
				CLANG_WARN__DUPLICATE_METHOD_MATCH = YES;
				"CODE_SIGN_IDENTITY[sdk=iphoneos*]" = "iPhone Developer";
				COPY_PHASE_STRIP = NO;
				ENABLE_STRICT_OBJC_MSGSEND = YES;
				GCC_C_LANGUAGE_STANDARD = gnu99;
				GCC_DYNAMIC_NO_PIC = NO;
				GCC_OPTIMIZATION_LEVEL = 0;
				GCC_PREPROCESSOR_DEFINITIONS = (
					"DEBUG=1",
					"$(inherited)",
				);
				GCC_SYMBOLS_PRIVATE_EXTERN = NO;
				GCC_WARN_64_TO_32_BIT_CONVERSION = YES;
				GCC_WARN_ABOUT_RETURN_TYPE = YES_ERROR;
				GCC_WARN_UNDECLARED_SELECTOR = YES;
				GCC_WARN_UNINITIALIZED_AUTOS = YES_AGGRESSIVE;
				GCC_WARN_UNUSED_FUNCTION = YES;
				GCC_WARN_UNUSED_VARIABLE = YES;
				IPHONEOS_DEPLOYMENT_TARGET = 8.0;
				METAL_ENABLE_DEBUG_INFO = YES;
				ONLY_ACTIVE_ARCH = YES;
				SDKROOT = iphoneos;
				SWIFT_OPTIMIZATION_LEVEL = "-Onone";
			};
			name = Debug;
		};
		6BE8CCF1194728EE00366D94 /* Release */ = {
			isa = XCBuildConfiguration;
			buildSettings = {
				ALWAYS_SEARCH_USER_PATHS = NO;
				CLANG_CXX_LANGUAGE_STANDARD = "gnu++0x";
				CLANG_CXX_LIBRARY = "libc++";
				CLANG_ENABLE_MODULES = YES;
				CLANG_ENABLE_OBJC_ARC = YES;
				CLANG_WARN_BOOL_CONVERSION = YES;
				CLANG_WARN_CONSTANT_CONVERSION = YES;
				CLANG_WARN_DIRECT_OBJC_ISA_USAGE = YES_ERROR;
				CLANG_WARN_EMPTY_BODY = YES;
				CLANG_WARN_ENUM_CONVERSION = YES;
				CLANG_WARN_INT_CONVERSION = YES;
				CLANG_WARN_OBJC_ROOT_CLASS = YES_ERROR;
				CLANG_WARN_UNREACHABLE_CODE = YES;
				CLANG_WARN__DUPLICATE_METHOD_MATCH = YES;
				"CODE_SIGN_IDENTITY[sdk=iphoneos*]" = "iPhone Developer";
				COPY_PHASE_STRIP = YES;
				ENABLE_NS_ASSERTIONS = NO;
				ENABLE_STRICT_OBJC_MSGSEND = YES;
				GCC_C_LANGUAGE_STANDARD = gnu99;
				GCC_WARN_64_TO_32_BIT_CONVERSION = YES;
				GCC_WARN_ABOUT_RETURN_TYPE = YES_ERROR;
				GCC_WARN_UNDECLARED_SELECTOR = YES;
				GCC_WARN_UNINITIALIZED_AUTOS = YES_AGGRESSIVE;
				GCC_WARN_UNUSED_FUNCTION = YES;
				GCC_WARN_UNUSED_VARIABLE = YES;
				IPHONEOS_DEPLOYMENT_TARGET = 8.0;
				METAL_ENABLE_DEBUG_INFO = NO;
				SDKROOT = iphoneos;
				VALIDATE_PRODUCT = YES;
			};
			name = Release;
		};
		6BE8CCF3194728EE00366D94 /* Debug */ = {
			isa = XCBuildConfiguration;
			buildSettings = {
				ASSETCATALOG_COMPILER_APPICON_NAME = AppIcon;
				ASSETCATALOG_COMPILER_LAUNCHIMAGE_NAME = LaunchImage;
				INFOPLIST_FILE = iTunesStore/Info.plist;
				LD_RUNPATH_SEARCH_PATHS = "$(inherited) @executable_path/Frameworks";
				PRODUCT_NAME = "$(TARGET_NAME)";
			};
			name = Debug;
		};
		6BE8CCF4194728EE00366D94 /* Release */ = {
			isa = XCBuildConfiguration;
			buildSettings = {
				ASSETCATALOG_COMPILER_APPICON_NAME = AppIcon;
				ASSETCATALOG_COMPILER_LAUNCHIMAGE_NAME = LaunchImage;
				INFOPLIST_FILE = iTunesStore/Info.plist;
				LD_RUNPATH_SEARCH_PATHS = "$(inherited) @executable_path/Frameworks";
				PRODUCT_NAME = "$(TARGET_NAME)";
			};
			name = Release;
		};
		6BE8CCF6194728EE00366D94 /* Debug */ = {
			isa = XCBuildConfiguration;
			buildSettings = {
				BUNDLE_LOADER = "$(BUILT_PRODUCTS_DIR)/iTunesStore.app/iTunesStore";
				FRAMEWORK_SEARCH_PATHS = (
					"$(SDKROOT)/Developer/Library/Frameworks",
					"$(inherited)",
				);
				GCC_PREPROCESSOR_DEFINITIONS = (
					"DEBUG=1",
					"$(inherited)",
				);
				INFOPLIST_FILE = iTunesStoreTests/Info.plist;
				LD_RUNPATH_SEARCH_PATHS = "$(inherited) @executable_path/Frameworks @loader_path/Frameworks";
				METAL_ENABLE_DEBUG_INFO = YES;
				PRODUCT_NAME = "$(TARGET_NAME)";
				TEST_HOST = "$(BUNDLE_LOADER)";
			};
			name = Debug;
		};
		6BE8CCF7194728EE00366D94 /* Release */ = {
			isa = XCBuildConfiguration;
			buildSettings = {
				BUNDLE_LOADER = "$(BUILT_PRODUCTS_DIR)/iTunesStore.app/iTunesStore";
				FRAMEWORK_SEARCH_PATHS = (
					"$(SDKROOT)/Developer/Library/Frameworks",
					"$(inherited)",
				);
				INFOPLIST_FILE = iTunesStoreTests/Info.plist;
				LD_RUNPATH_SEARCH_PATHS = "$(inherited) @executable_path/Frameworks @loader_path/Frameworks";
				METAL_ENABLE_DEBUG_INFO = NO;
				PRODUCT_NAME = "$(TARGET_NAME)";
				TEST_HOST = "$(BUNDLE_LOADER)";
			};
			name = Release;
		};
/* End XCBuildConfiguration section */

/* Begin XCConfigurationList section */
		6BE8CCD1194728EE00366D94 /* Build configuration list for PBXProject "iTunesStore" */ = {
			isa = XCConfigurationList;
			buildConfigurations = (
				6BE8CCF0194728EE00366D94 /* Debug */,
				6BE8CCF1194728EE00366D94 /* Release */,
			);
			defaultConfigurationIsVisible = 0;
			defaultConfigurationName = Release;
		};
		6BE8CCF2194728EE00366D94 /* Build configuration list for PBXNativeTarget "iTunesStore" */ = {
			isa = XCConfigurationList;
			buildConfigurations = (
				6BE8CCF3194728EE00366D94 /* Debug */,
				6BE8CCF4194728EE00366D94 /* Release */,
			);
			defaultConfigurationIsVisible = 0;
		};
		6BE8CCF5194728EE00366D94 /* Build configuration list for PBXNativeTarget "iTunesStoreTests" */ = {
			isa = XCConfigurationList;
			buildConfigurations = (
				6BE8CCF6194728EE00366D94 /* Debug */,
				6BE8CCF7194728EE00366D94 /* Release */,
			);
			defaultConfigurationIsVisible = 0;
		};
/* End XCConfigurationList section */
	};
	rootObject = 6BE8CCCE194728EE00366D94 /* Project object */;
}
